<?xml version="1.0" encoding="utf-8"?>
<Project ToolsVersion="4.0" xmlns="http://schemas.microsoft.com/developer/msbuild/2003">
  <ItemGroup>
    <Filter Include="Source Files">
      <UniqueIdentifier>{4FC737F1-C7A5-4376-A066-2A32D752A2FF}</UniqueIdentifier>
      <Extensions>cpp;c;cc;cxx;def;odl;idl;hpj;bat;asm;asmx</Extensions>
    </Filter>
    <Filter Include="Resource Files">
      <UniqueIdentifier>{67DA6AB6-F800-4c08-8B7A-83BB121AAD01}</UniqueIdentifier>
      <Extensions>rc;ico;cur;bmp;dlg;rc2;rct;bin;rgs;gif;jpg;jpeg;jpe;resx;tiff;tif;png;wav;mfcribbon-ms</Extensions>
    </Filter>
    <Filter Include="dependencies">
      <UniqueIdentifier>{17f1caf3-ea0a-4cbe-8a12-c9aaeccb0cfc}</UniqueIdentifier>
    </Filter>
    <Filter Include="Header Files">
      <UniqueIdentifier>{93995380-89BD-4b04-88EB-625FBE52EBFB}</UniqueIdentifier>
      <Extensions>h;hpp;hxx;hm;inl;inc;xsd</Extensions>
    </Filter>
    <Filter Include="Header Files\math">
      <UniqueIdentifier>{48babf26-49da-48f8-aca1-a20480739152}</UniqueIdentifier>
    </Filter>
    <Filter Include="Header Files\control">
      <UniqueIdentifier>{b19d643f-fa4a-48c0-a434-b31192f42187}</UniqueIdentifier>
    </Filter>
    <Filter Include="Header Files\model">
      <UniqueIdentifier>{0daadf63-ed8c-454e-8c1b-4baf29ebfe9a}</UniqueIdentifier>
    </Filter>
  </ItemGroup>
  <ItemGroup>
    <ClCompile Include="..\src\main.cpp">
      <Filter>Source Files</Filter>
    </ClCompile>
    <ClCompile Include="..\dependencies\gl3w.cpp">
      <Filter>dependencies</Filter>
    </ClCompile>
    <ClCompile Include="..\dependencies\glsl.cpp">
      <Filter>dependencies</Filter>
    </ClCompile>
    <ClCompile Include="..\src\Controller.cpp">
      <Filter>Source Files</Filter>
    </ClCompile>
    <ClCompile Include="..\src\util\MatrixStack.cpp">
      <Filter>Source Files</Filter>
    </ClCompile>
  </ItemGroup>
  <ItemGroup>
    <ClInclude Include="..\include\macros.h">
      <Filter>Header Files</Filter>
    </ClInclude>
    <ClInclude Include="..\dependencies\GL\gl3.h">
      <Filter>dependencies</Filter>
    </ClInclude>
    <ClInclude Include="..\dependencies\GL\gl3w.hpp">
      <Filter>dependencies</Filter>
    </ClInclude>
    <ClInclude Include="..\dependencies\GL\glfw.h">
      <Filter>dependencies</Filter>
    </ClInclude>
    <ClInclude Include="..\dependencies\GL\glsl.h">
      <Filter>dependencies</Filter>
    </ClInclude>
    <ClInclude Include="..\include\Controller.h">
      <Filter>Header Files\control</Filter>
    </ClInclude>
    <ClInclude Include="..\include\Camera.hpp">
      <Filter>Header Files\control</Filter>
    </ClInclude>
    <ClInclude Include="..\include\math\math_aux.hpp">
      <Filter>Header Files\math</Filter>
    </ClInclude>
    <ClInclude Include="..\include\math\Matrix.hpp">
      <Filter>Header Files\math</Filter>
    </ClInclude>
    <ClInclude Include="..\include\math\matrix_functions.hpp">
      <Filter>Header Files\math</Filter>
    </ClInclude>
    <ClInclude Include="..\include\math\Vector.hpp">
      <Filter>Header Files\math</Filter>
    </ClInclude>
    <ClInclude Include="..\include\model\Ground.hpp">
      <Filter>Header Files\model</Filter>
    </ClInclude>
    <ClInclude Include="..\include\util\MatrixStack.h">
      <Filter>Header Files</Filter>
    </ClInclude>
  </ItemGroup>
  <ItemGroup>
    <None Include="..\res\ground1.frag">
      <Filter>Resource Files</Filter>
    </None>
    <None Include="..\res\ground1.vert">
      <Filter>Resource Files</Filter>
    </None>
  </ItemGroup>
</Project>