<?xml version="1.0" encoding="utf-8"?>
<Project ToolsVersion="4.0" xmlns="http://schemas.microsoft.com/developer/msbuild/2003">
  <ItemGroup>
    <Filter Include="Source Files">
      <UniqueIdentifier>{4FC737F1-C7A5-4376-A066-2A32D752A2FF}</UniqueIdentifier>
      <Extensions>cpp;c;cc;cxx;def;odl;idl;hpj;bat;asm;asmx</Extensions>
    </Filter>
    <Filter Include="Resource Files">
      <UniqueIdentifier>{67DA6AB6-F800-4c08-8B7A-83BB121AAD01}</UniqueIdentifier>
      <Extensions>rc;ico;cur;bmp;dlg;rc2;rct;bin;rgs;gif;jpg;jpeg;jpe;resx;tiff;tif;png;wav;mfcribbon-ms</Extensions>
    </Filter>
    <Filter Include="dependencies">
      <UniqueIdentifier>{17f1caf3-ea0a-4cbe-8a12-c9aaeccb0cfc}</UniqueIdentifier>
    </Filter>
    <Filter Include="Header Files">
      <UniqueIdentifier>{93995380-89BD-4b04-88EB-625FBE52EBFB}</UniqueIdentifier>
      <Extensions>h;hpp;hxx;hm;inl;inc;xsd</Extensions>
    </Filter>
    <Filter Include="Header Files\math">
      <UniqueIdentifier>{48babf26-49da-48f8-aca1-a20480739152}</UniqueIdentifier>
    </Filter>
    <Filter Include="Header Files\control">
      <UniqueIdentifier>{b19d643f-fa4a-48c0-a434-b31192f42187}</UniqueIdentifier>
    </Filter>
    <Filter Include="Header Files\model">
      <UniqueIdentifier>{0daadf63-ed8c-454e-8c1b-4baf29ebfe9a}</UniqueIdentifier>
    </Filter>
    <Filter Include="Header Files\model\bases">
      <UniqueIdentifier>{f4bdef03-8cc9-4b25-88d9-c212f6621546}</UniqueIdentifier>
    </Filter>
    <Filter Include="Source Files\control">
      <UniqueIdentifier>{a5b9821d-260e-4c69-920c-988253e8e2bb}</UniqueIdentifier>
    </Filter>
    <Filter Include="Header Files\util">
      <UniqueIdentifier>{88fba363-8f00-446d-963a-a63395be41a2}</UniqueIdentifier>
    </Filter>
    <Filter Include="Source Files\util">
      <UniqueIdentifier>{e6dd8361-b238-49da-986d-a1201d8928b5}</UniqueIdentifier>
    </Filter>
    <Filter Include="Resource Files\ground">
      <UniqueIdentifier>{34988c5f-240c-44dc-b043-f176015680c7}</UniqueIdentifier>
    </Filter>
    <Filter Include="Resource Files\player">
      <UniqueIdentifier>{4b248cbe-aff8-41ec-9862-99120518a181}</UniqueIdentifier>
    </Filter>
    <Filter Include="Resource Files\scene">
      <UniqueIdentifier>{5d436b51-70b7-4104-84b0-a06f316bc8c9}</UniqueIdentifier>
    </Filter>
  </ItemGroup>
  <ItemGroup>
    <ClCompile Include="..\src\main.cpp">
      <Filter>Source Files</Filter>
    </ClCompile>
    <ClCompile Include="..\dependencies\glsl.cpp">
      <Filter>dependencies</Filter>
    </ClCompile>
    <ClCompile Include="..\dependencies\Bmp.cpp">
      <Filter>dependencies</Filter>
    </ClCompile>
    <ClCompile Include="..\src\Controller.cpp">
      <Filter>Source Files\control</Filter>
    </ClCompile>
    <ClCompile Include="..\src\util\MatrixStack.cpp">
      <Filter>Source Files\util</Filter>
    </ClCompile>
    <ClCompile Include="..\dependencies\gl3w.cpp">
      <Filter>dependencies</Filter>
    </ClCompile>
  </ItemGroup>
  <ItemGroup>
    <ClInclude Include="..\include\macros.h">
      <Filter>Header Files</Filter>
    </ClInclude>
    <ClInclude Include="..\dependencies\GL\gl3.h">
      <Filter>dependencies</Filter>
    </ClInclude>
    <ClInclude Include="..\dependencies\GL\glfw.h">
      <Filter>dependencies</Filter>
    </ClInclude>
    <ClInclude Include="..\dependencies\GL\glsl.h">
      <Filter>dependencies</Filter>
    </ClInclude>
    <ClInclude Include="..\include\Controller.h">
      <Filter>Header Files\control</Filter>
    </ClInclude>
    <ClInclude Include="..\include\Camera.hpp">
      <Filter>Header Files\control</Filter>
    </ClInclude>
    <ClInclude Include="..\include\math\math_aux.hpp">
      <Filter>Header Files\math</Filter>
    </ClInclude>
    <ClInclude Include="..\include\math\Matrix.hpp">
      <Filter>Header Files\math</Filter>
    </ClInclude>
    <ClInclude Include="..\include\math\matrix_functions.hpp">
      <Filter>Header Files\math</Filter>
    </ClInclude>
    <ClInclude Include="..\include\math\Vector.hpp">
      <Filter>Header Files\math</Filter>
    </ClInclude>
    <ClInclude Include="..\include\model\Ground.hpp">
      <Filter>Header Files\model</Filter>
    </ClInclude>
    <ClInclude Include="..\dependencies\Bmp.h">
      <Filter>dependencies</Filter>
    </ClInclude>
    <ClInclude Include="..\include\model\ShaderModel.hpp">
      <Filter>Header Files\model\bases</Filter>
    </ClInclude>
    <ClInclude Include="..\include\model\TexturedModel.hpp">
      <Filter>Header Files\model\bases</Filter>
    </ClInclude>
    <ClInclude Include="..\include\util\MatrixStack.h">
      <Filter>Header Files\util</Filter>
    </ClInclude>
    <ClInclude Include="..\include\model\GameObject.hpp">
      <Filter>Header Files\model\bases</Filter>
    </ClInclude>
    <ClInclude Include="..\include\model\Player.hpp">
      <Filter>Header Files\model</Filter>
    </ClInclude>
    <ClInclude Include="..\include\TexturedScene.hpp">
      <Filter>Header Files</Filter>
    </ClInclude>
    <ClInclude Include="..\dependencies\GL\gl3w.hpp">
      <Filter>dependencies</Filter>
    </ClInclude>
  </ItemGroup>
  <ItemGroup>
    <None Include="..\res\ground1.frag">
      <Filter>Resource Files\ground</Filter>
    </None>
    <None Include="..\res\ground1.vert">
      <Filter>Resource Files\ground</Filter>
    </None>
    <None Include="..\res\player.frag">
      <Filter>Resource Files\player</Filter>
    </None>
    <None Include="..\res\player.vert">
      <Filter>Resource Files\player</Filter>
    </None>
    <None Include="..\res\scene.frag">
      <Filter>Resource Files\scene</Filter>
    </None>
    <None Include="..\res\scene.vert">
      <Filter>Resource Files\scene</Filter>
    </None>
  </ItemGroup>
</Project>